PODS:
  - Alamofire (5.10.2)
  - Down (0.11.0)

DEPENDENCIES:
  - Alamofire
  - Down

SPEC REPOS:
  trunk:
    - Alamofire
    - Down

SPEC CHECKSUMS:
  Alamofire: 7193b3b92c74a07f85569e1a6c4f4237291e7496
  Down: b6ba1bc985c9d2f4e15e3b293d2207766fa12612

PODFILE CHECKSUM: 56319c9bf8c7969d84c10efc281afb02282f375b

COCOAPODS: 1.15.2
